
Microsoft Visual Studio Solution File, Format Version 12.00
# Visual Studio 2012
Project("{FAE04EC0-301F-11D3-BF4B-00C04F79EFBC}") = "CodeCamp2013.WebApi", "CodeCamp2013.WebApi\CodeCamp2013.WebApi.csproj", "{D4519A01-EE6C-473D-ACD4-DA99D453B5B1}"
EndProject
Project("{FAE04EC0-301F-11D3-BF4B-00C04F79EFBC}") = "CodeCamp2013.WebApi.Tests", "CodeCamp2013.WebApi.Tests\CodeCamp2013.WebApi.Tests.csproj", "{CD1717A4-EB99-4584-AB5B-994E30276816}"
EndProject
Project("{FAE04EC0-301F-11D3-BF4B-00C04F79EFBC}") = "CodeCamp2013.WebApi.SelfHost", "CodeCamp2013.WebApi.SelfHost\CodeCamp2013.WebApi.SelfHost.csproj", "{06E94D01-F602-41AC-A703-E8BCD94262FA}"
EndProject
Global
	GlobalSection(SolutionConfigurationPlatforms) = preSolution
		Debug|Any CPU = Debug|Any CPU
		Release|Any CPU = Release|Any CPU
	EndGlobalSection
	GlobalSection(ProjectConfigurationPlatforms) = postSolution
		{D4519A01-EE6C-473D-ACD4-DA99D453B5B1}.Debug|Any CPU.ActiveCfg = Debug|Any CPU
		{D4519A01-EE6C-473D-ACD4-DA99D453B5B1}.Debug|Any CPU.Build.0 = Debug|Any CPU
		{D4519A01-EE6C-473D-ACD4-DA99D453B5B1}.Release|Any CPU.ActiveCfg = Release|Any CPU
		{D4519A01-EE6C-473D-ACD4-DA99D453B5B1}.Release|Any CPU.Build.0 = Release|Any CPU
		{CD1717A4-EB99-4584-AB5B-994E30276816}.Debug|Any CPU.ActiveCfg = Debug|Any CPU
		{CD1717A4-EB99-4584-AB5B-994E30276816}.Debug|Any CPU.Build.0 = Debug|Any CPU
		{CD1717A4-EB99-4584-AB5B-994E30276816}.Release|Any CPU.ActiveCfg = Release|Any CPU
		{CD1717A4-EB99-4584-AB5B-994E30276816}.Release|Any CPU.Build.0 = Release|Any CPU
		{06E94D01-F602-41AC-A703-E8BCD94262FA}.Debug|Any CPU.ActiveCfg = Debug|Any CPU
		{06E94D01-F602-41AC-A703-E8BCD94262FA}.Debug|Any CPU.Build.0 = Debug|Any CPU
		{06E94D01-F602-41AC-A703-E8BCD94262FA}.Release|Any CPU.ActiveCfg = Release|Any CPU
		{06E94D01-F602-41AC-A703-E8BCD94262FA}.Release|Any CPU.Build.0 = Release|Any CPU
	EndGlobalSection
	GlobalSection(SolutionProperties) = preSolution
		HideSolutionNode = FALSE
	EndGlobalSection
EndGlobal
